
Microsoft Visual Studio Solution File, Format Version 12.00
# Visual Studio Version 17
VisualStudioVersion = 17.10.34928.147
MinimumVisualStudioVersion = 10.0.40219.1
Project("{FAE04EC0-301F-11D3-BF4B-00C04F79EFBC}") = "MyDeatails", "MyDeatails\MyDeatails.csproj", "{01157A8F-4381-4B39-A724-DE0D746FD45F}"
EndProject
Global
	GlobalSection(SolutionConfigurationPlatforms) = preSolution
		Debug|Any CPU = Debug|Any CPU
		Release|Any CPU = Release|Any CPU
	EndGlobalSection
	GlobalSection(ProjectConfigurationPlatforms) = postSolution
		{01157A8F-4381-4B39-A724-DE0D746FD45F}.Debug|Any CPU.ActiveCfg = Debug|Any CPU
		{01157A8F-4381-4B39-A724-DE0D746FD45F}.Debug|Any CPU.Build.0 = Debug|Any CPU
		{01157A8F-4381-4B39-A724-DE0D746FD45F}.Release|Any CPU.ActiveCfg = Release|Any CPU
		{01157A8F-4381-4B39-A724-DE0D746FD45F}.Release|Any CPU.Build.0 = Release|Any CPU
	EndGlobalSection
	GlobalSection(SolutionProperties) = preSolution
		HideSolutionNode = FALSE
	EndGlobalSection
	GlobalSection(ExtensibilityGlobals) = postSolution
		SolutionGuid = {11BF9D4A-4EFE-43EE-90DA-24475CBA0C3B}
	EndGlobalSection
EndGlobal
